
Microsoft Visual Studio Solution File, Format Version 12.00
# Visual Studio Version 17
VisualStudioVersion = 17.13.35931.197
MinimumVisualStudioVersion = 10.0.40219.1
Project("{FAE04EC0-301F-11D3-BF4B-00C04F79EFBC}") = "Benjamin-Rasoli-Frontend-Sphinxly", "Benjamin-Rasoli-Frontend-Sphinxly.csproj", "{B1A749A3-D266-4932-89AF-BD7D6948CC24}"
EndProject
Global
	GlobalSection(SolutionConfigurationPlatforms) = preSolution
		Debug|Any CPU = Debug|Any CPU
		Release|Any CPU = Release|Any CPU
	EndGlobalSection
	GlobalSection(ProjectConfigurationPlatforms) = postSolution
		{B1A749A3-D266-4932-89AF-BD7D6948CC24}.Debug|Any CPU.ActiveCfg = Debug|Any CPU
		{B1A749A3-D266-4932-89AF-BD7D6948CC24}.Debug|Any CPU.Build.0 = Debug|Any CPU
		{B1A749A3-D266-4932-89AF-BD7D6948CC24}.Release|Any CPU.ActiveCfg = Release|Any CPU
		{B1A749A3-D266-4932-89AF-BD7D6948CC24}.Release|Any CPU.Build.0 = Release|Any CPU
	EndGlobalSection
	GlobalSection(SolutionProperties) = preSolution
		HideSolutionNode = FALSE
	EndGlobalSection
	GlobalSection(ExtensibilityGlobals) = postSolution
		SolutionGuid = {0E8184FF-1770-4BD2-AA5F-2FF47F36240C}
	EndGlobalSection
EndGlobal
